
Microsoft Visual Studio Solution File, Format Version 12.00
# Visual Studio Version 17
VisualStudioVersion = 17.3.32929.385
MinimumVisualStudioVersion = 10.0.40219.1
Project("{FAE04EC0-301F-11D3-BF4B-00C04F79EFBC}") = "prime number1", "prime number1\prime number1.csproj", "{732F34F6-33B2-4C29-A29C-85496F9AB63F}"
EndProject
Global
	GlobalSection(SolutionConfigurationPlatforms) = preSolution
		Debug|Any CPU = Debug|Any CPU
		Release|Any CPU = Release|Any CPU
	EndGlobalSection
	GlobalSection(ProjectConfigurationPlatforms) = postSolution
		{732F34F6-33B2-4C29-A29C-85496F9AB63F}.Debug|Any CPU.ActiveCfg = Debug|Any CPU
		{732F34F6-33B2-4C29-A29C-85496F9AB63F}.Debug|Any CPU.Build.0 = Debug|Any CPU
		{732F34F6-33B2-4C29-A29C-85496F9AB63F}.Release|Any CPU.ActiveCfg = Release|Any CPU
		{732F34F6-33B2-4C29-A29C-85496F9AB63F}.Release|Any CPU.Build.0 = Release|Any CPU
	EndGlobalSection
	GlobalSection(SolutionProperties) = preSolution
		HideSolutionNode = FALSE
	EndGlobalSection
	GlobalSection(ExtensibilityGlobals) = postSolution
		SolutionGuid = {F29DAC5B-EA36-4602-87AF-6531EE0EF4AE}
	EndGlobalSection
EndGlobal
